
Microsoft Visual Studio Solution File, Format Version 12.00
# Visual Studio Version 17
VisualStudioVersion = 17.0.31903.59
MinimumVisualStudioVersion = 10.0.40219.1
Project("{FAE04EC0-301F-11D3-BF4B-00C04F79EFBC}") = "Cilindro", "Cilindro\Cilindro.csproj", "{B901514E-1051-42BB-B878-0D3EBE2C6487}"
EndProject
Project("{FAE04EC0-301F-11D3-BF4B-00C04F79EFBC}") = "ValoresEspeciais", "ValoresEspeciais\ValoresEspeciais.csproj", "{128CE881-E93E-42FE-9874-8118E46A63CD}"
EndProject
Project("{FAE04EC0-301F-11D3-BF4B-00C04F79EFBC}") = "ChatGPTZero", "ChatGPTZero\ChatGPTZero.csproj", "{0DC7C208-6F8A-4F9B-94A5-FDEEC0E4F65C}"
EndProject
Project("{FAE04EC0-301F-11D3-BF4B-00C04F79EFBC}") = "BreakContinue", "BreakContinue\BreakContinue.csproj", "{07D53401-DEA3-49C4-BF4F-C795DF7A8C04}"
EndProject
Project("{FAE04EC0-301F-11D3-BF4B-00C04F79EFBC}") = "IfExample", "IfExample\IfExample.csproj", "{CD31248D-848A-4D5B-9E47-32546AB7D40F}"
EndProject
Global
	GlobalSection(SolutionConfigurationPlatforms) = preSolution
		Debug|Any CPU = Debug|Any CPU
		Release|Any CPU = Release|Any CPU
	EndGlobalSection
	GlobalSection(SolutionProperties) = preSolution
		HideSolutionNode = FALSE
	EndGlobalSection
	GlobalSection(ProjectConfigurationPlatforms) = postSolution
		{B901514E-1051-42BB-B878-0D3EBE2C6487}.Debug|Any CPU.ActiveCfg = Debug|Any CPU
		{B901514E-1051-42BB-B878-0D3EBE2C6487}.Debug|Any CPU.Build.0 = Debug|Any CPU
		{B901514E-1051-42BB-B878-0D3EBE2C6487}.Release|Any CPU.ActiveCfg = Release|Any CPU
		{B901514E-1051-42BB-B878-0D3EBE2C6487}.Release|Any CPU.Build.0 = Release|Any CPU
		{128CE881-E93E-42FE-9874-8118E46A63CD}.Debug|Any CPU.ActiveCfg = Debug|Any CPU
		{128CE881-E93E-42FE-9874-8118E46A63CD}.Debug|Any CPU.Build.0 = Debug|Any CPU
		{128CE881-E93E-42FE-9874-8118E46A63CD}.Release|Any CPU.ActiveCfg = Release|Any CPU
		{128CE881-E93E-42FE-9874-8118E46A63CD}.Release|Any CPU.Build.0 = Release|Any CPU
		{0DC7C208-6F8A-4F9B-94A5-FDEEC0E4F65C}.Debug|Any CPU.ActiveCfg = Debug|Any CPU
		{0DC7C208-6F8A-4F9B-94A5-FDEEC0E4F65C}.Debug|Any CPU.Build.0 = Debug|Any CPU
		{0DC7C208-6F8A-4F9B-94A5-FDEEC0E4F65C}.Release|Any CPU.ActiveCfg = Release|Any CPU
		{0DC7C208-6F8A-4F9B-94A5-FDEEC0E4F65C}.Release|Any CPU.Build.0 = Release|Any CPU
		{07D53401-DEA3-49C4-BF4F-C795DF7A8C04}.Debug|Any CPU.ActiveCfg = Debug|Any CPU
		{07D53401-DEA3-49C4-BF4F-C795DF7A8C04}.Debug|Any CPU.Build.0 = Debug|Any CPU
		{07D53401-DEA3-49C4-BF4F-C795DF7A8C04}.Release|Any CPU.ActiveCfg = Release|Any CPU
		{07D53401-DEA3-49C4-BF4F-C795DF7A8C04}.Release|Any CPU.Build.0 = Release|Any CPU
		{CD31248D-848A-4D5B-9E47-32546AB7D40F}.Debug|Any CPU.ActiveCfg = Debug|Any CPU
		{CD31248D-848A-4D5B-9E47-32546AB7D40F}.Debug|Any CPU.Build.0 = Debug|Any CPU
		{CD31248D-848A-4D5B-9E47-32546AB7D40F}.Release|Any CPU.ActiveCfg = Release|Any CPU
		{CD31248D-848A-4D5B-9E47-32546AB7D40F}.Release|Any CPU.Build.0 = Release|Any CPU
	EndGlobalSection
EndGlobal
